// !$*UTF8*$!
{
	archiveVersion = 1;
	classes = {
	};
	objectVersion = 46;
	objects = {

/* Begin PBXBuildFile section */
		357CF344C3AB66B554B9714F /* libPods-PeerReview4.a in Frameworks */ = {isa = PBXBuildFile; fileRef = F2A72FDC640649A08532A1D5 /* libPods-PeerReview4.a */; };
		956929E81F6E4B660095FE2C /* main.m in Sources */ = {isa = PBXBuildFile; fileRef = 956929E71F6E4B660095FE2C /* main.m */; };
		956929EB1F6E4B660095FE2C /* AppDelegate.m in Sources */ = {isa = PBXBuildFile; fileRef = 956929EA1F6E4B660095FE2C /* AppDelegate.m */; };
		956929EE1F6E4B660095FE2C /* ViewController.m in Sources */ = {isa = PBXBuildFile; fileRef = 956929ED1F6E4B660095FE2C /* ViewController.m */; };
		956929F11F6E4B660095FE2C /* Main.storyboard in Resources */ = {isa = PBXBuildFile; fileRef = 956929EF1F6E4B660095FE2C /* Main.storyboard */; };
		956929F31F6E4B660095FE2C /* Assets.xcassets in Resources */ = {isa = PBXBuildFile; fileRef = 956929F21F6E4B660095FE2C /* Assets.xcassets */; };
		956929F61F6E4B660095FE2C /* LaunchScreen.storyboard in Resources */ = {isa = PBXBuildFile; fileRef = 956929F41F6E4B660095FE2C /* LaunchScreen.storyboard */; };
/* End PBXBuildFile section */

/* Begin PBXFileReference section */
		733E109D777D4396DE1F13C1 /* Pods-PeerReview4.release.xcconfig */ = {isa = PBXFileReference; includeInIndex = 1; lastKnownFileType = text.xcconfig; name = "Pods-PeerReview4.release.xcconfig"; path = "Pods/Target Support Files/Pods-PeerReview4/Pods-PeerReview4.release.xcconfig"; sourceTree = "<group>"; };
		956929E31F6E4B660095FE2C /* PeerReview4.app */ = {isa = PBXFileReference; explicitFileType = wrapper.application; includeInIndex = 0; path = PeerReview4.app; sourceTree = BUILT_PRODUCTS_DIR; };
		956929E71F6E4B660095FE2C /* main.m */ = {isa = PBXFileReference; lastKnownFileType = sourcecode.c.objc; path = main.m; sourceTree = "<group>"; };
		956929E91F6E4B660095FE2C /* AppDelegate.h */ = {isa = PBXFileReference; lastKnownFileType = sourcecode.c.h; path = AppDelegate.h; sourceTree = "<group>"; };
		956929EA1F6E4B660095FE2C /* AppDelegate.m */ = {isa = PBXFileReference; lastKnownFileType = sourcecode.c.objc; path = AppDelegate.m; sourceTree = "<group>"; };
		956929EC1F6E4B660095FE2C /* ViewController.h */ = {isa = PBXFileReference; lastKnownFileType = sourcecode.c.h; path = ViewController.h; sourceTree = "<group>"; };
		956929ED1F6E4B660095FE2C /* ViewController.m */ = {isa = PBXFileReference; lastKnownFileType = sourcecode.c.objc; path = ViewController.m; sourceTree = "<group>"; };
		956929F01F6E4B660095FE2C /* Base */ = {isa = PBXFileReference; lastKnownFileType = file.storyboard; name = Base; path = Base.lproj/Main.storyboard; sourceTree = "<group>"; };
		956929F21F6E4B660095FE2C /* Assets.xcassets */ = {isa = PBXFileReference; lastKnownFileType = folder.assetcatalog; path = Assets.xcassets; sourceTree = "<group>"; };
		956929F51F6E4B660095FE2C /* Base */ = {isa = PBXFileReference; lastKnownFileType = file.storyboard; name = Base; path = Base.lproj/LaunchScreen.storyboard; sourceTree = "<group>"; };
		956929F71F6E4B660095FE2C /* Info.plist */ = {isa = PBXFileReference; lastKnownFileType = text.plist.xml; path = Info.plist; sourceTree = "<group>"; };
		BD16F70144B57C68DD749988 /* Pods-PeerReview4.debug.xcconfig */ = {isa = PBXFileReference; includeInIndex = 1; lastKnownFileType = text.xcconfig; name = "Pods-PeerReview4.debug.xcconfig"; path = "Pods/Target Support Files/Pods-PeerReview4/Pods-PeerReview4.debug.xcconfig"; sourceTree = "<group>"; };
		F2A72FDC640649A08532A1D5 /* libPods-PeerReview4.a */ = {isa = PBXFileReference; explicitFileType = archive.ar; includeInIndex = 0; path = "libPods-PeerReview4.a"; sourceTree = BUILT_PRODUCTS_DIR; };
/* End PBXFileReference section */

/* Begin PBXFrameworksBuildPhase section */
		956929E01F6E4B660095FE2C /* Frameworks */ = {
			isa = PBXFrameworksBuildPhase;
			buildActionMask = 2147483647;
			files = (
				357CF344C3AB66B554B9714F /* libPods-PeerReview4.a in Frameworks */,
			);
			runOnlyForDeploymentPostprocessing = 0;
		};
/* End PBXFrameworksBuildPhase section */

/* Begin PBXGroup section */
		1AA34AF3C427DF63223123DB /* Frameworks */ = {
			isa = PBXGroup;
			children = (
				F2A72FDC640649A08532A1D5 /* libPods-PeerReview4.a */,
			);
			name = Frameworks;
			sourceTree = "<group>";
		};
		956929DA1F6E4B660095FE2C = {
			isa = PBXGroup;
			children = (
				956929E51F6E4B660095FE2C /* PeerReview4 */,
				956929E41F6E4B660095FE2C /* Products */,
				E5F255DC7906521A8069C127 /* Pods */,
				1AA34AF3C427DF63223123DB /* Frameworks */,
			);
			sourceTree = "<group>";
		};
		956929E41F6E4B660095FE2C /* Products */ = {
			isa = PBXGroup;
			children = (
				956929E31F6E4B660095FE2C /* PeerReview4.app */,
			);
			name = Products;
			sourceTree = "<group>";
		};
		956929E51F6E4B660095FE2C /* PeerReview4 */ = {
			isa = PBXGroup;
			children = (
				956929E91F6E4B660095FE2C /* AppDelegate.h */,
				956929EA1F6E4B660095FE2C /* AppDelegate.m */,
				956929EC1F6E4B660095FE2C /* ViewController.h */,
				956929ED1F6E4B660095FE2C /* ViewController.m */,
				956929EF1F6E4B660095FE2C /* Main.storyboard */,
				956929F21F6E4B660095FE2C /* Assets.xcassets */,
				956929F41F6E4B660095FE2C /* LaunchScreen.storyboard */,
				956929F71F6E4B660095FE2C /* Info.plist */,
				956929E61F6E4B660095FE2C /* Supporting Files */,
			);
			path = PeerReview4;
			sourceTree = "<group>";
		};
		956929E61F6E4B660095FE2C /* Supporting Files */ = {
			isa = PBXGroup;
			children = (
				956929E71F6E4B660095FE2C /* main.m */,
			);
			name = "Supporting Files";
			sourceTree = "<group>";
		};
		E5F255DC7906521A8069C127 /* Pods */ = {
			isa = PBXGroup;
			children = (
				BD16F70144B57C68DD749988 /* Pods-PeerReview4.debug.xcconfig */,
				733E109D777D4396DE1F13C1 /* Pods-PeerReview4.release.xcconfig */,
			);
			name = Pods;
			sourceTree = "<group>";
		};
/* End PBXGroup section */

/* Begin PBXNativeTarget section */
		956929E21F6E4B660095FE2C /* PeerReview4 */ = {
			isa = PBXNativeTarget;
			buildConfigurationList = 956929FA1F6E4B660095FE2C /* Build configuration list for PBXNativeTarget "PeerReview4" */;
			buildPhases = (
				2009D90136CCB9DB0C67D9CA /* [CP] Check Pods Manifest.lock */,
				956929DF1F6E4B660095FE2C /* Sources */,
				956929E01F6E4B660095FE2C /* Frameworks */,
				956929E11F6E4B660095FE2C /* Resources */,
				8C0ECE708347165B9071DE9C /* [CP] Embed Pods Frameworks */,
				68D53C9D19066CC170CF1464 /* [CP] Copy Pods Resources */,
			);
			buildRules = (
			);
			dependencies = (
			);
			name = PeerReview4;
			productName = PeerReview4;
			productReference = 956929E31F6E4B660095FE2C /* PeerReview4.app */;
			productType = "com.apple.product-type.application";
		};
/* End PBXNativeTarget section */

/* Begin PBXProject section */
		956929DB1F6E4B660095FE2C /* Project object */ = {
			isa = PBXProject;
			attributes = {
				LastUpgradeCheck = 0830;
				ORGANIZATIONNAME = "dennis hou";
				TargetAttributes = {
					956929E21F6E4B660095FE2C = {
						CreatedOnToolsVersion = 8.3.3;
						DevelopmentTeam = GMCJEFCRFD;
						ProvisioningStyle = Automatic;
					};
				};
			};
			buildConfigurationList = 956929DE1F6E4B660095FE2C /* Build configuration list for PBXProject "PeerReview4" */;
			compatibilityVersion = "Xcode 3.2";
			developmentRegion = English;
			hasScannedForEncodings = 0;
			knownRegions = (
				en,
				Base,
			);
			mainGroup = 956929DA1F6E4B660095FE2C;
			productRefGroup = 956929E41F6E4B660095FE2C /* Products */;
			projectDirPath = "";
			projectRoot = "";
			targets = (
				956929E21F6E4B660095FE2C /* PeerReview4 */,
			);
		};
/* End PBXProject section */

/* Begin PBXResourcesBuildPhase section */
		956929E11F6E4B660095FE2C /* Resources */ = {
			isa = PBXResourcesBuildPhase;
			buildActionMask = 2147483647;
			files = (
				956929F61F6E4B660095FE2C /* LaunchScreen.storyboard in Resources */,
				956929F31F6E4B660095FE2C /* Assets.xcassets in Resources */,
				956929F11F6E4B660095FE2C /* Main.storyboard in Resources */,
			);
			runOnlyForDeploymentPostprocessing = 0;
		};
/* End PBXResourcesBuildPhase section */

/* Begin PBXShellScriptBuildPhase section */
		2009D90136CCB9DB0C67D9CA /* [CP] Check Pods Manifest.lock */ = {
			isa = PBXShellScriptBuildPhase;
			buildActionMask = 2147483647;
			files = (
			);
			inputPaths = (
			);
			name = "[CP] Check Pods Manifest.lock";
			outputPaths = (
			);
			runOnlyForDeploymentPostprocessing = 0;
			shellPath = /bin/sh;
			shellScript = "diff \"${PODS_ROOT}/../Podfile.lock\" \"${PODS_ROOT}/Manifest.lock\" > /dev/null\nif [ $? != 0 ] ; then\n    # print error to STDERR\n    echo \"error: The sandbox is not in sync with the Podfile.lock. Run 'pod install' or update your CocoaPods installation.\" >&2\n    exit 1\nfi\n";
			showEnvVarsInLog = 0;
		};
		68D53C9D19066CC170CF1464 /* [CP] Copy Pods Resources */ = {
			isa = PBXShellScriptBuildPhase;
			buildActionMask = 2147483647;
			files = (
			);
			inputPaths = (
			);
			name = "[CP] Copy Pods Resources";
			outputPaths = (
			);
			runOnlyForDeploymentPostprocessing = 0;
			shellPath = /bin/sh;
			shellScript = "\"${SRCROOT}/Pods/Target Support Files/Pods-PeerReview4/Pods-PeerReview4-resources.sh\"\n";
			showEnvVarsInLog = 0;
		};
		8C0ECE708347165B9071DE9C /* [CP] Embed Pods Frameworks */ = {
			isa = PBXShellScriptBuildPhase;
			buildActionMask = 2147483647;
			files = (
			);
			inputPaths = (
			);
			name = "[CP] Embed Pods Frameworks";
			outputPaths = (
			);
			runOnlyForDeploymentPostprocessing = 0;
			shellPath = /bin/sh;
			shellScript = "\"${SRCROOT}/Pods/Target Support Files/Pods-PeerReview4/Pods-PeerReview4-frameworks.sh\"\n";
			showEnvVarsInLog = 0;
		};
/* End PBXShellScriptBuildPhase section */

/* Begin PBXSourcesBuildPhase section */
		956929DF1F6E4B660095FE2C /* Sources */ = {
			isa = PBXSourcesBuildPhase;
			buildActionMask = 2147483647;
			files = (
				956929EE1F6E4B660095FE2C /* ViewController.m in Sources */,
				956929EB1F6E4B660095FE2C /* AppDelegate.m in Sources */,
				956929E81F6E4B660095FE2C /* main.m in Sources */,
			);
			runOnlyForDeploymentPostprocessing = 0;
		};
/* End PBXSourcesBuildPhase section */

/* Begin PBXVariantGroup section */
		956929EF1F6E4B660095FE2C /* Main.storyboard */ = {
			isa = PBXVariantGroup;
			children = (
				956929F01F6E4B660095FE2C /* Base */,
			);
			name = Main.storyboard;
			sourceTree = "<group>";
		};
		956929F41F6E4B660095FE2C /* LaunchScreen.storyboard */ = {
			isa = PBXVariantGroup;
			children = (
				956929F51F6E4B660095FE2C /* Base */,
			);
			name = LaunchScreen.storyboard;
			sourceTree = "<group>";
		};
/* End PBXVariantGroup section */

/* Begin XCBuildConfiguration section */
		956929F81F6E4B660095FE2C /* Debug */ = {
			isa = XCBuildConfiguration;
			buildSettings = {
				ALWAYS_SEARCH_USER_PATHS = NO;
				CLANG_ANALYZER_NONNULL = YES;
				CLANG_ANALYZER_NUMBER_OBJECT_CONVERSION = YES_AGGRESSIVE;
				CLANG_CXX_LANGUAGE_STANDARD = "gnu++0x";
				CLANG_CXX_LIBRARY = "libc++";
				CLANG_ENABLE_MODULES = YES;
				CLANG_ENABLE_OBJC_ARC = YES;
				CLANG_WARN_BOOL_CONVERSION = YES;
				CLANG_WARN_CONSTANT_CONVERSION = YES;
				CLANG_WARN_DIRECT_OBJC_ISA_USAGE = YES_ERROR;
				CLANG_WARN_DOCUMENTATION_COMMENTS = YES;
				CLANG_WARN_EMPTY_BODY = YES;
				CLANG_WARN_ENUM_CONVERSION = YES;
				CLANG_WARN_INFINITE_RECURSION = YES;
				CLANG_WARN_INT_CONVERSION = YES;
				CLANG_WARN_OBJC_ROOT_CLASS = YES_ERROR;
				CLANG_WARN_SUSPICIOUS_MOVE = YES;
				CLANG_WARN_UNREACHABLE_CODE = YES;
				CLANG_WARN__DUPLICATE_METHOD_MATCH = YES;
				"CODE_SIGN_IDENTITY[sdk=iphoneos*]" = "iPhone Developer";
				COPY_PHASE_STRIP = NO;
				DEBUG_INFORMATION_FORMAT = dwarf;
				ENABLE_STRICT_OBJC_MSGSEND = YES;
				ENABLE_TESTABILITY = YES;
				GCC_C_LANGUAGE_STANDARD = gnu99;
				GCC_DYNAMIC_NO_PIC = NO;
				GCC_NO_COMMON_BLOCKS = YES;
				GCC_OPTIMIZATION_LEVEL = 0;
				GCC_PREPROCESSOR_DEFINITIONS = (
					"DEBUG=1",
					"$(inherited)",
				);
				GCC_WARN_64_TO_32_BIT_CONVERSION = YES;
				GCC_WARN_ABOUT_RETURN_TYPE = YES_ERROR;
				GCC_WARN_UNDECLARED_SELECTOR = YES;
				GCC_WARN_UNINITIALIZED_AUTOS = YES_AGGRESSIVE;
				GCC_WARN_UNUSED_FUNCTION = YES;
				GCC_WARN_UNUSED_VARIABLE = YES;
				IPHONEOS_DEPLOYMENT_TARGET = 10.3;
				MTL_ENABLE_DEBUG_INFO = YES;
				ONLY_ACTIVE_ARCH = YES;
				SDKROOT = iphoneos;
				TARGETED_DEVICE_FAMILY = "1,2";
			};
			name = Debug;
		};
		956929F91F6E4B660095FE2C /* Release */ = {
			isa = XCBuildConfiguration;
			buildSettings = {
				ALWAYS_SEARCH_USER_PATHS = NO;
				CLANG_ANALYZER_NONNULL = YES;
				CLANG_ANALYZER_NUMBER_OBJECT_CONVERSION = YES_AGGRESSIVE;
				CLANG_CXX_LANGUAGE_STANDARD = "gnu++0x";
				CLANG_CXX_LIBRARY = "libc++";
				CLANG_ENABLE_MODULES = YES;
				CLANG_ENABLE_OBJC_ARC = YES;
				CLANG_WARN_BOOL_CONVERSION = YES;
				CLANG_WARN_CONSTANT_CONVERSION = YES;
				CLANG_WARN_DIRECT_OBJC_ISA_USAGE = YES_ERROR;
				CLANG_WARN_DOCUMENTATION_COMMENTS = YES;
				CLANG_WARN_EMPTY_BODY = YES;
				CLANG_WARN_ENUM_CONVERSION = YES;
				CLANG_WARN_INFINITE_RECURSION = YES;
				CLANG_WARN_INT_CONVERSION = YES;
				CLANG_WARN_OBJC_ROOT_CLASS = YES_ERROR;
				CLANG_WARN_SUSPICIOUS_MOVE = YES;
				CLANG_WARN_UNREACHABLE_CODE = YES;
				CLANG_WARN__DUPLICATE_METHOD_MATCH = YES;
				"CODE_SIGN_IDENTITY[sdk=iphoneos*]" = "iPhone Developer";
				COPY_PHASE_STRIP = NO;
				DEBUG_INFORMATION_FORMAT = "dwarf-with-dsym";
				ENABLE_NS_ASSERTIONS = NO;
				ENABLE_STRICT_OBJC_MSGSEND = YES;
				GCC_C_LANGUAGE_STANDARD = gnu99;
				GCC_NO_COMMON_BLOCKS = YES;
				GCC_WARN_64_TO_32_BIT_CONVERSION = YES;
				GCC_WARN_ABOUT_RETURN_TYPE = YES_ERROR;
				GCC_WARN_UNDECLARED_SELECTOR = YES;
				GCC_WARN_UNINITIALIZED_AUTOS = YES_AGGRESSIVE;
				GCC_WARN_UNUSED_FUNCTION = YES;
				GCC_WARN_UNUSED_VARIABLE = YES;
				IPHONEOS_DEPLOYMENT_TARGET = 10.3;
				MTL_ENABLE_DEBUG_INFO = NO;
				SDKROOT = iphoneos;
				TARGETED_DEVICE_FAMILY = "1,2";
				VALIDATE_PRODUCT = YES;
			};
			name = Release;
		};
		956929FB1F6E4B660095FE2C /* Debug */ = {
			isa = XCBuildConfiguration;
			baseConfigurationReference = BD16F70144B57C68DD749988 /* Pods-PeerReview4.debug.xcconfig */;
			buildSettings = {
				ASSETCATALOG_COMPILER_APPICON_NAME = AppIcon;
				DEVELOPMENT_TEAM = GMCJEFCRFD;
				INFOPLIST_FILE = PeerReview4/Info.plist;
				LD_RUNPATH_SEARCH_PATHS = "$(inherited) @executable_path/Frameworks";
				PRODUCT_BUNDLE_IDENTIFIER = com.dennishou.PeerReview4;
				PRODUCT_NAME = "$(TARGET_NAME)";
			};
			name = Debug;
		};
		956929FC1F6E4B660095FE2C /* Release */ = {
			isa = XCBuildConfiguration;
			baseConfigurationReference = 733E109D777D4396DE1F13C1 /* Pods-PeerReview4.release.xcconfig */;
			buildSettings = {
				ASSETCATALOG_COMPILER_APPICON_NAME = AppIcon;
				DEVELOPMENT_TEAM = GMCJEFCRFD;
				INFOPLIST_FILE = PeerReview4/Info.plist;
				LD_RUNPATH_SEARCH_PATHS = "$(inherited) @executable_path/Frameworks";
				PRODUCT_BUNDLE_IDENTIFIER = com.dennishou.PeerReview4;
				PRODUCT_NAME = "$(TARGET_NAME)";
			};
			name = Release;
		};
/* End XCBuildConfiguration section */

/* Begin XCConfigurationList section */
		956929DE1F6E4B660095FE2C /* Build configuration list for PBXProject "PeerReview4" */ = {
			isa = XCConfigurationList;
			buildConfigurations = (
				956929F81F6E4B660095FE2C /* Debug */,
				956929F91F6E4B660095FE2C /* Release */,
			);
			defaultConfigurationIsVisible = 0;
			defaultConfigurationName = Release;
		};
		956929FA1F6E4B660095FE2C /* Build configuration list for PBXNativeTarget "PeerReview4" */ = {
			isa = XCConfigurationList;
			buildConfigurations = (
				956929FB1F6E4B660095FE2C /* Debug */,
				956929FC1F6E4B660095FE2C /* Release */,
			);
			defaultConfigurationIsVisible = 0;
		};
/* End XCConfigurationList section */
	};
	rootObject = 956929DB1F6E4B660095FE2C /* Project object */;
}
